
Microsoft Visual Studio Solution File, Format Version 12.00
# Visual Studio 15
VisualStudioVersion = 15.0.27130.2036
MinimumVisualStudioVersion = 10.0.40219.1
Project("{FAE04EC0-301F-11D3-BF4B-00C04F79EFBC}") = "SavePDF", "SavePDF\SavePDF.csproj", "{F80E38F9-93D5-490B-8077-9BC70CD7A8EB}"
EndProject
Global
	GlobalSection(SolutionConfigurationPlatforms) = preSolution
		Debug|Any CPU = Debug|Any CPU
		Release|Any CPU = Release|Any CPU
	EndGlobalSection
	GlobalSection(ProjectConfigurationPlatforms) = postSolution
		{F80E38F9-93D5-490B-8077-9BC70CD7A8EB}.Debug|Any CPU.ActiveCfg = Debug|Any CPU
		{F80E38F9-93D5-490B-8077-9BC70CD7A8EB}.Debug|Any CPU.Build.0 = Debug|Any CPU
		{F80E38F9-93D5-490B-8077-9BC70CD7A8EB}.Release|Any CPU.ActiveCfg = Release|Any CPU
		{F80E38F9-93D5-490B-8077-9BC70CD7A8EB}.Release|Any CPU.Build.0 = Release|Any CPU
	EndGlobalSection
	GlobalSection(SolutionProperties) = preSolution
		HideSolutionNode = FALSE
	EndGlobalSection
	GlobalSection(ExtensibilityGlobals) = postSolution
		SolutionGuid = {C81B19A2-4639-4799-B3E9-FFE4B6FC5A98}
	EndGlobalSection
EndGlobal
